<?xml version="1.0" encoding="utf-8"?>
<Project ToolsVersion="4.0" xmlns="http://schemas.microsoft.com/developer/msbuild/2003">
  <ItemGroup>
    <Filter Include="Zdrojové soubory">
      <UniqueIdentifier>{4FC737F1-C7A5-4376-A066-2A32D752A2FF}</UniqueIdentifier>
      <Extensions>cpp;c;cc;cxx;c++;cppm;ixx;def;odl;idl;hpj;bat;asm;asmx</Extensions>
    </Filter>
    <Filter Include="Hlavičkové soubory">
      <UniqueIdentifier>{93995380-89BD-4b04-88EB-625FBE52EBFB}</UniqueIdentifier>
      <Extensions>h;hh;hpp;hxx;h++;hm;inl;inc;ipp;xsd</Extensions>
    </Filter>
    <Filter Include="Soubory zdrojů">
      <UniqueIdentifier>{67DA6AB6-F800-4c08-8B7A-83BB121AAD01}</UniqueIdentifier>
      <Extensions>rc;ico;cur;bmp;dlg;rc2;rct;bin;rgs;gif;jpg;jpeg;jpe;resx;tiff;tif;png;wav;mfcribbon-ms</Extensions>
    </Filter>
  </ItemGroup>
  <ItemGroup>
    <ClCompile Include="reorion2.cpp">
      <Filter>Zdrojové soubory</Filter>
    </ClCompile>
    <ClCompile Include="code\out\orion_part_26.c">
      <Filter>Zdrojové soubory</Filter>
    </ClCompile>
    <ClCompile Include="code\out\orion_part_25.c">
      <Filter>Zdrojové soubory</Filter>
    </ClCompile>
    <ClCompile Include="code\out\orion_part_24.c">
      <Filter>Zdrojové soubory</Filter>
    </ClCompile>
    <ClCompile Include="code\out\orion_part_23.c">
      <Filter>Zdrojové soubory</Filter>
    </ClCompile>
    <ClCompile Include="code\out\orion_part_22.c">
      <Filter>Zdrojové soubory</Filter>
    </ClCompile>
    <ClCompile Include="code\out\orion_part_21.c">
      <Filter>Zdrojové soubory</Filter>
    </ClCompile>
    <ClCompile Include="code\out\orion_part_20.c">
      <Filter>Zdrojové soubory</Filter>
    </ClCompile>
    <ClCompile Include="code\out\orion_part_19.c">
      <Filter>Zdrojové soubory</Filter>
    </ClCompile>
    <ClCompile Include="code\out\orion_part_18.c">
      <Filter>Zdrojové soubory</Filter>
    </ClCompile>
    <ClCompile Include="code\out\orion_part_17.c">
      <Filter>Zdrojové soubory</Filter>
    </ClCompile>
    <ClCompile Include="code\out\orion_part_16.c">
      <Filter>Zdrojové soubory</Filter>
    </ClCompile>
    <ClCompile Include="code\out\orion_part_15.c">
      <Filter>Zdrojové soubory</Filter>
    </ClCompile>
    <ClCompile Include="code\out\orion_part_14.c">
      <Filter>Zdrojové soubory</Filter>
    </ClCompile>
    <ClCompile Include="code\out\orion_part_13.c">
      <Filter>Zdrojové soubory</Filter>
    </ClCompile>
    <ClCompile Include="code\out\orion_part_12.c">
      <Filter>Zdrojové soubory</Filter>
    </ClCompile>
    <ClCompile Include="code\out\orion_part_11.c">
      <Filter>Zdrojové soubory</Filter>
    </ClCompile>
    <ClCompile Include="code\out\orion_part_10.c">
      <Filter>Zdrojové soubory</Filter>
    </ClCompile>
    <ClCompile Include="code\out\orion_part_09.c">
      <Filter>Zdrojové soubory</Filter>
    </ClCompile>
    <ClCompile Include="code\out\orion_part_08.c">
      <Filter>Zdrojové soubory</Filter>
    </ClCompile>
    <ClCompile Include="code\out\orion_part_07.c">
      <Filter>Zdrojové soubory</Filter>
    </ClCompile>
    <ClCompile Include="code\out\orion_part_06.c">
      <Filter>Zdrojové soubory</Filter>
    </ClCompile>
    <ClCompile Include="code\out\orion_part_05.c">
      <Filter>Zdrojové soubory</Filter>
    </ClCompile>
    <ClCompile Include="code\out\orion_part_04.c">
      <Filter>Zdrojové soubory</Filter>
    </ClCompile>
    <ClCompile Include="code\out\orion_part_03.c">
      <Filter>Zdrojové soubory</Filter>
    </ClCompile>
    <ClCompile Include="code\out\orion_part_02.c">
      <Filter>Zdrojové soubory</Filter>
    </ClCompile>
    <ClCompile Include="code\out\orion_part_01.c">
      <Filter>Zdrojové soubory</Filter>
    </ClCompile>
    <ClCompile Include="code\out\orion_data.c">
      <Filter>Zdrojové soubory</Filter>
    </ClCompile>
  </ItemGroup>
  <ItemGroup>
    <ClInclude Include="code\out\orion_common.h">
      <Filter>Hlavičkové soubory</Filter>
    </ClInclude>
    <ClInclude Include="code\out\hexrays_compat.h">
      <Filter>Hlavičkové soubory</Filter>
    </ClInclude>
  </ItemGroup>
</Project>